
Microsoft Visual Studio Solution File, Format Version 12.00
# Visual Studio Version 16
VisualStudioVersion = 16.0.30309.148
MinimumVisualStudioVersion = 10.0.40219.1
Project("{FAE04EC0-301F-11D3-BF4B-00C04F79EFBC}") = "InventoryManagement", "InventoryManagement\InventoryManagement.csproj", "{F3999EE1-2DC6-41A9-8531-2C19D1F777DF}"
EndProject
Global
	GlobalSection(SolutionConfigurationPlatforms) = preSolution
		Debug|Any CPU = Debug|Any CPU
		Release|Any CPU = Release|Any CPU
	EndGlobalSection
	GlobalSection(ProjectConfigurationPlatforms) = postSolution
		{F3999EE1-2DC6-41A9-8531-2C19D1F777DF}.Debug|Any CPU.ActiveCfg = Debug|Any CPU
		{F3999EE1-2DC6-41A9-8531-2C19D1F777DF}.Debug|Any CPU.Build.0 = Debug|Any CPU
		{F3999EE1-2DC6-41A9-8531-2C19D1F777DF}.Release|Any CPU.ActiveCfg = Release|Any CPU
		{F3999EE1-2DC6-41A9-8531-2C19D1F777DF}.Release|Any CPU.Build.0 = Release|Any CPU
	EndGlobalSection
	GlobalSection(SolutionProperties) = preSolution
		HideSolutionNode = FALSE
	EndGlobalSection
	GlobalSection(ExtensibilityGlobals) = postSolution
		SolutionGuid = {267E27BF-3E48-4352-AB20-505AE703DBDB}
	EndGlobalSection
EndGlobal
